<Solution>
  <Folder Name="/Backend/">
    <Project Path="ApiGateway/ApiGateway.csproj" />
    <Project Path="AuthService/Authentication.API.csproj" Id="6cdab7b3-de4f-6ff5-06f0-d824f083f1af">
      <Build Solution="Debug|*" Project="false" />
    </Project>
  </Folder>
  <Project Path="ProjetWeb.AppHost/ProjetWeb.AppHost.csproj" />
  <Project Path="ProjetWeb.ServiceDefaults/ProjetWeb.ServiceDefaults.csproj" />
</Solution>
